
Microsoft Visual Studio Solution File, Format Version 12.00
# Visual Studio Version 17
VisualStudioVersion = 17.0.31903.59
MinimumVisualStudioVersion = 10.0.40219.1
Project("{2150E333-8FDC-42A3-9474-1A3956D46DE8}") = "src", "src", "{827E0CD3-B72D-47B6-A68D-7590B98EB39B}"
EndProject
Project("{FAE04EC0-301F-11D3-BF4B-00C04F79EFBC}") = "FileSystemP.Core", "src\FileSystemP.Core\FileSystemP.Core.csproj", "{9C766DC5-7739-40B0-BBE1-E628BFE9E8C2}"
EndProject
Project("{FAE04EC0-301F-11D3-BF4B-00C04F79EFBC}") = "FileSystemP.WPF", "src\FileSystemP.WPF\FileSystemP.WPF.csproj", "{75535E55-7F13-4F2F-91E9-12B760BDB3DA}"
EndProject
Project("{2150E333-8FDC-42A3-9474-1A3956D46DE8}") = "tests", "tests", "{0AB3BF05-4346-4AA6-1389-037BE0695223}"
EndProject
Project("{FAE04EC0-301F-11D3-BF4B-00C04F79EFBC}") = "FileSystemP.Tests", "tests\FileSystemP.Tests\FileSystemP.Tests.csproj", "{69B4C48A-CB29-4DC0-AC45-690527075AD7}"
EndProject
Global
	GlobalSection(SolutionConfigurationPlatforms) = preSolution
		Debug|Any CPU = Debug|Any CPU
		Debug|x64 = Debug|x64
		Debug|x86 = Debug|x86
		Release|Any CPU = Release|Any CPU
		Release|x64 = Release|x64
		Release|x86 = Release|x86
	EndGlobalSection
	GlobalSection(ProjectConfigurationPlatforms) = postSolution
		{9C766DC5-7739-40B0-BBE1-E628BFE9E8C2}.Debug|Any CPU.ActiveCfg = Debug|Any CPU
		{9C766DC5-7739-40B0-BBE1-E628BFE9E8C2}.Debug|Any CPU.Build.0 = Debug|Any CPU
		{9C766DC5-7739-40B0-BBE1-E628BFE9E8C2}.Debug|x64.ActiveCfg = Debug|Any CPU
		{9C766DC5-7739-40B0-BBE1-E628BFE9E8C2}.Debug|x64.Build.0 = Debug|Any CPU
		{9C766DC5-7739-40B0-BBE1-E628BFE9E8C2}.Debug|x86.ActiveCfg = Debug|Any CPU
		{9C766DC5-7739-40B0-BBE1-E628BFE9E8C2}.Debug|x86.Build.0 = Debug|Any CPU
		{9C766DC5-7739-40B0-BBE1-E628BFE9E8C2}.Release|Any CPU.ActiveCfg = Release|Any CPU
		{9C766DC5-7739-40B0-BBE1-E628BFE9E8C2}.Release|Any CPU.Build.0 = Release|Any CPU
		{9C766DC5-7739-40B0-BBE1-E628BFE9E8C2}.Release|x64.ActiveCfg = Release|Any CPU
		{9C766DC5-7739-40B0-BBE1-E628BFE9E8C2}.Release|x64.Build.0 = Release|Any CPU
		{9C766DC5-7739-40B0-BBE1-E628BFE9E8C2}.Release|x86.ActiveCfg = Release|Any CPU
		{9C766DC5-7739-40B0-BBE1-E628BFE9E8C2}.Release|x86.Build.0 = Release|Any CPU
		{75535E55-7F13-4F2F-91E9-12B760BDB3DA}.Debug|Any CPU.ActiveCfg = Debug|Any CPU
		{75535E55-7F13-4F2F-91E9-12B760BDB3DA}.Debug|Any CPU.Build.0 = Debug|Any CPU
		{75535E55-7F13-4F2F-91E9-12B760BDB3DA}.Debug|x64.ActiveCfg = Debug|Any CPU
		{75535E55-7F13-4F2F-91E9-12B760BDB3DA}.Debug|x64.Build.0 = Debug|Any CPU
		{75535E55-7F13-4F2F-91E9-12B760BDB3DA}.Debug|x86.ActiveCfg = Debug|Any CPU
		{75535E55-7F13-4F2F-91E9-12B760BDB3DA}.Debug|x86.Build.0 = Debug|Any CPU
		{75535E55-7F13-4F2F-91E9-12B760BDB3DA}.Release|Any CPU.ActiveCfg = Release|Any CPU
		{75535E55-7F13-4F2F-91E9-12B760BDB3DA}.Release|Any CPU.Build.0 = Release|Any CPU
		{75535E55-7F13-4F2F-91E9-12B760BDB3DA}.Release|x64.ActiveCfg = Release|Any CPU
		{75535E55-7F13-4F2F-91E9-12B760BDB3DA}.Release|x64.Build.0 = Release|Any CPU
		{75535E55-7F13-4F2F-91E9-12B760BDB3DA}.Release|x86.ActiveCfg = Release|Any CPU
		{75535E55-7F13-4F2F-91E9-12B760BDB3DA}.Release|x86.Build.0 = Release|Any CPU
		{69B4C48A-CB29-4DC0-AC45-690527075AD7}.Debug|Any CPU.ActiveCfg = Debug|Any CPU
		{69B4C48A-CB29-4DC0-AC45-690527075AD7}.Debug|Any CPU.Build.0 = Debug|Any CPU
		{69B4C48A-CB29-4DC0-AC45-690527075AD7}.Debug|x64.ActiveCfg = Debug|Any CPU
		{69B4C48A-CB29-4DC0-AC45-690527075AD7}.Debug|x64.Build.0 = Debug|Any CPU
		{69B4C48A-CB29-4DC0-AC45-690527075AD7}.Debug|x86.ActiveCfg = Debug|Any CPU
		{69B4C48A-CB29-4DC0-AC45-690527075AD7}.Debug|x86.Build.0 = Debug|Any CPU
		{69B4C48A-CB29-4DC0-AC45-690527075AD7}.Release|Any CPU.ActiveCfg = Release|Any CPU
		{69B4C48A-CB29-4DC0-AC45-690527075AD7}.Release|Any CPU.Build.0 = Release|Any CPU
		{69B4C48A-CB29-4DC0-AC45-690527075AD7}.Release|x64.ActiveCfg = Release|Any CPU
		{69B4C48A-CB29-4DC0-AC45-690527075AD7}.Release|x64.Build.0 = Release|Any CPU
		{69B4C48A-CB29-4DC0-AC45-690527075AD7}.Release|x86.ActiveCfg = Release|Any CPU
		{69B4C48A-CB29-4DC0-AC45-690527075AD7}.Release|x86.Build.0 = Release|Any CPU
	EndGlobalSection
	GlobalSection(SolutionProperties) = preSolution
		HideSolutionNode = FALSE
	EndGlobalSection
	GlobalSection(NestedProjects) = preSolution
		{9C766DC5-7739-40B0-BBE1-E628BFE9E8C2} = {827E0CD3-B72D-47B6-A68D-7590B98EB39B}
		{75535E55-7F13-4F2F-91E9-12B760BDB3DA} = {827E0CD3-B72D-47B6-A68D-7590B98EB39B}
		{69B4C48A-CB29-4DC0-AC45-690527075AD7} = {0AB3BF05-4346-4AA6-1389-037BE0695223}
	EndGlobalSection
EndGlobal
